
Microsoft Visual Studio Solution File, Format Version 12.00
# Visual Studio Version 16
VisualStudioVersion = 16.0.30517.126
MinimumVisualStudioVersion = 10.0.40219.1
Project("{9A19103F-16F7-4668-BE54-9A1E7A4F7556}") = "Lab6", "Lab6.csproj", "{A3CC2496-1CA4-4F69-BB34-CB56C3495DDC}"
EndProject
Global
	GlobalSection(SolutionConfigurationPlatforms) = preSolution
		Debug|Any CPU = Debug|Any CPU
		Release|Any CPU = Release|Any CPU
	EndGlobalSection
	GlobalSection(ProjectConfigurationPlatforms) = postSolution
		{A3CC2496-1CA4-4F69-BB34-CB56C3495DDC}.Debug|Any CPU.ActiveCfg = Debug|Any CPU
		{A3CC2496-1CA4-4F69-BB34-CB56C3495DDC}.Debug|Any CPU.Build.0 = Debug|Any CPU
		{A3CC2496-1CA4-4F69-BB34-CB56C3495DDC}.Release|Any CPU.ActiveCfg = Release|Any CPU
		{A3CC2496-1CA4-4F69-BB34-CB56C3495DDC}.Release|Any CPU.Build.0 = Release|Any CPU
	EndGlobalSection
	GlobalSection(SolutionProperties) = preSolution
		HideSolutionNode = FALSE
	EndGlobalSection
	GlobalSection(ExtensibilityGlobals) = postSolution
		SolutionGuid = {2C250144-C950-483C-B965-CC2E77E20AB6}
	EndGlobalSection
EndGlobal
