
Microsoft Visual Studio Solution File, Format Version 12.00
# Visual Studio Version 16
VisualStudioVersion = 16.0.30503.244
MinimumVisualStudioVersion = 10.0.40219.1
Project("{9A19103F-16F7-4668-BE54-9A1E7A4F7556}") = "Lab2", "Lab2.csproj", "{3429F8D2-C1D5-4BD2-9121-0163C91D22E3}"
EndProject
Global
	GlobalSection(SolutionConfigurationPlatforms) = preSolution
		Debug|Any CPU = Debug|Any CPU
		Release|Any CPU = Release|Any CPU
	EndGlobalSection
	GlobalSection(ProjectConfigurationPlatforms) = postSolution
		{3429F8D2-C1D5-4BD2-9121-0163C91D22E3}.Debug|Any CPU.ActiveCfg = Debug|Any CPU
		{3429F8D2-C1D5-4BD2-9121-0163C91D22E3}.Debug|Any CPU.Build.0 = Debug|Any CPU
		{3429F8D2-C1D5-4BD2-9121-0163C91D22E3}.Release|Any CPU.ActiveCfg = Release|Any CPU
		{3429F8D2-C1D5-4BD2-9121-0163C91D22E3}.Release|Any CPU.Build.0 = Release|Any CPU
	EndGlobalSection
	GlobalSection(SolutionProperties) = preSolution
		HideSolutionNode = FALSE
	EndGlobalSection
	GlobalSection(ExtensibilityGlobals) = postSolution
		SolutionGuid = {59406DB5-6E19-4B82-B819-306C62C4FE55}
	EndGlobalSection
EndGlobal
