
Microsoft Visual Studio Solution File, Format Version 12.00
# Visual Studio Version 16
VisualStudioVersion = 16.0.30717.126
MinimumVisualStudioVersion = 10.0.40219.1
Project("{FAE04EC0-301F-11D3-BF4B-00C04F79EFBC}") = "Lab15", "Lab15.csproj", "{0996EF27-4CFE-40BF-85EC-A7788574D848}"
EndProject
Global
	GlobalSection(SolutionConfigurationPlatforms) = preSolution
		Debug|Any CPU = Debug|Any CPU
		Release|Any CPU = Release|Any CPU
	EndGlobalSection
	GlobalSection(ProjectConfigurationPlatforms) = postSolution
		{0996EF27-4CFE-40BF-85EC-A7788574D848}.Debug|Any CPU.ActiveCfg = Debug|Any CPU
		{0996EF27-4CFE-40BF-85EC-A7788574D848}.Debug|Any CPU.Build.0 = Debug|Any CPU
		{0996EF27-4CFE-40BF-85EC-A7788574D848}.Release|Any CPU.ActiveCfg = Release|Any CPU
		{0996EF27-4CFE-40BF-85EC-A7788574D848}.Release|Any CPU.Build.0 = Release|Any CPU
	EndGlobalSection
	GlobalSection(SolutionProperties) = preSolution
		HideSolutionNode = FALSE
	EndGlobalSection
	GlobalSection(ExtensibilityGlobals) = postSolution
		SolutionGuid = {9CD4A3ED-9C2D-46D6-891F-7801FBCCEC09}
	EndGlobalSection
EndGlobal
